
Microsoft Visual Studio Solution File, Format Version 12.00
# Visual Studio Version 17
VisualStudioVersion = 17.6.33815.320
MinimumVisualStudioVersion = 10.0.40219.1
Project("{FAE04EC0-301F-11D3-BF4B-00C04F79EFBC}") = "CRUDCORE", "CRUDCORE\CRUDCORE.csproj", "{B25288B8-F09A-4279-9BA5-3068DE4DF9A8}"
EndProject
Global
	GlobalSection(SolutionConfigurationPlatforms) = preSolution
		Debug|Any CPU = Debug|Any CPU
		Release|Any CPU = Release|Any CPU
	EndGlobalSection
	GlobalSection(ProjectConfigurationPlatforms) = postSolution
		{B25288B8-F09A-4279-9BA5-3068DE4DF9A8}.Debug|Any CPU.ActiveCfg = Debug|Any CPU
		{B25288B8-F09A-4279-9BA5-3068DE4DF9A8}.Debug|Any CPU.Build.0 = Debug|Any CPU
		{B25288B8-F09A-4279-9BA5-3068DE4DF9A8}.Release|Any CPU.ActiveCfg = Release|Any CPU
		{B25288B8-F09A-4279-9BA5-3068DE4DF9A8}.Release|Any CPU.Build.0 = Release|Any CPU
	EndGlobalSection
	GlobalSection(SolutionProperties) = preSolution
		HideSolutionNode = FALSE
	EndGlobalSection
	GlobalSection(ExtensibilityGlobals) = postSolution
		SolutionGuid = {E57AA48A-CF4C-43BB-8B50-B6639E6DECAA}
	EndGlobalSection
EndGlobal
